// !$*UTF8*$!
{
	archiveVersion = 1;
	classes = {
	};
	objectVersion = 56;
	objects = {

/* Begin PBXBuildFile section */
		2D64A8A528FB5ED50092063E /* HomeViewController.swift in Sources */ = {isa = PBXBuildFile; fileRef = 2D64A8A428FB5ED50092063E /* HomeViewController.swift */; };
		2D64A8A728FB5F270092063E /* TableroViewController.swift in Sources */ = {isa = PBXBuildFile; fileRef = 2D64A8A628FB5F260092063E /* TableroViewController.swift */; };
		2DB3B419292612470058D155 /* ScoresViewController.swift in Sources */ = {isa = PBXBuildFile; fileRef = 2DB3B417292612470058D155 /* ScoresViewController.swift */; };
		2DB3B41A292612470058D155 /* Player.swift in Sources */ = {isa = PBXBuildFile; fileRef = 2DB3B418292612470058D155 /* Player.swift */; };
		2DD9BC2328F3A0F600538598 /* AppDelegate.swift in Sources */ = {isa = PBXBuildFile; fileRef = 2DD9BC2228F3A0F600538598 /* AppDelegate.swift */; };
		2DD9BC2528F3A0F600538598 /* SceneDelegate.swift in Sources */ = {isa = PBXBuildFile; fileRef = 2DD9BC2428F3A0F600538598 /* SceneDelegate.swift */; };
		2DD9BC2728F3A0F600538598 /* ViewController.swift in Sources */ = {isa = PBXBuildFile; fileRef = 2DD9BC2628F3A0F600538598 /* ViewController.swift */; };
		2DD9BC2A28F3A0F600538598 /* Main.storyboard in Resources */ = {isa = PBXBuildFile; fileRef = 2DD9BC2828F3A0F600538598 /* Main.storyboard */; };
		2DD9BC2C28F3A0F700538598 /* Assets.xcassets in Resources */ = {isa = PBXBuildFile; fileRef = 2DD9BC2B28F3A0F700538598 /* Assets.xcassets */; };
		2DD9BC2F28F3A0F700538598 /* LaunchScreen.storyboard in Resources */ = {isa = PBXBuildFile; fileRef = 2DD9BC2D28F3A0F700538598 /* LaunchScreen.storyboard */; };
		CF8438242912F695004926C2 /* ViewControllerPausa.swift in Sources */ = {isa = PBXBuildFile; fileRef = CF8438232912F695004926C2 /* ViewControllerPausa.swift */; };
/* End PBXBuildFile section */

/* Begin PBXFileReference section */
		2D64A8A428FB5ED50092063E /* HomeViewController.swift */ = {isa = PBXFileReference; lastKnownFileType = sourcecode.swift; path = HomeViewController.swift; sourceTree = "<group>"; };
		2D64A8A628FB5F260092063E /* TableroViewController.swift */ = {isa = PBXFileReference; lastKnownFileType = sourcecode.swift; path = TableroViewController.swift; sourceTree = "<group>"; };
		2DB3B417292612470058D155 /* ScoresViewController.swift */ = {isa = PBXFileReference; fileEncoding = 4; lastKnownFileType = sourcecode.swift; path = ScoresViewController.swift; sourceTree = "<group>"; };
		2DB3B418292612470058D155 /* Player.swift */ = {isa = PBXFileReference; fileEncoding = 4; lastKnownFileType = sourcecode.swift; path = Player.swift; sourceTree = "<group>"; };
		2DD9BC1F28F3A0F600538598 /* theApp.app */ = {isa = PBXFileReference; explicitFileType = wrapper.application; includeInIndex = 0; path = theApp.app; sourceTree = BUILT_PRODUCTS_DIR; };
		2DD9BC2228F3A0F600538598 /* AppDelegate.swift */ = {isa = PBXFileReference; lastKnownFileType = sourcecode.swift; path = AppDelegate.swift; sourceTree = "<group>"; };
		2DD9BC2428F3A0F600538598 /* SceneDelegate.swift */ = {isa = PBXFileReference; lastKnownFileType = sourcecode.swift; path = SceneDelegate.swift; sourceTree = "<group>"; };
		2DD9BC2628F3A0F600538598 /* ViewController.swift */ = {isa = PBXFileReference; lastKnownFileType = sourcecode.swift; path = ViewController.swift; sourceTree = "<group>"; };
		2DD9BC2928F3A0F600538598 /* Base */ = {isa = PBXFileReference; lastKnownFileType = file.storyboard; name = Base; path = Base.lproj/Main.storyboard; sourceTree = "<group>"; };
		2DD9BC2B28F3A0F700538598 /* Assets.xcassets */ = {isa = PBXFileReference; lastKnownFileType = folder.assetcatalog; path = Assets.xcassets; sourceTree = "<group>"; };
		2DD9BC2E28F3A0F700538598 /* Base */ = {isa = PBXFileReference; lastKnownFileType = file.storyboard; name = Base; path = Base.lproj/LaunchScreen.storyboard; sourceTree = "<group>"; };
		2DD9BC3028F3A0F700538598 /* Info.plist */ = {isa = PBXFileReference; lastKnownFileType = text.plist.xml; path = Info.plist; sourceTree = "<group>"; };
		CF8438232912F695004926C2 /* ViewControllerPausa.swift */ = {isa = PBXFileReference; lastKnownFileType = sourcecode.swift; path = ViewControllerPausa.swift; sourceTree = "<group>"; };
/* End PBXFileReference section */

/* Begin PBXFrameworksBuildPhase section */
		2DD9BC1C28F3A0F600538598 /* Frameworks */ = {
			isa = PBXFrameworksBuildPhase;
			buildActionMask = 2147483647;
			files = (
			);
			runOnlyForDeploymentPostprocessing = 0;
		};
/* End PBXFrameworksBuildPhase section */

/* Begin PBXGroup section */
		2DD9BC1628F3A0F600538598 = {
			isa = PBXGroup;
			children = (
				2DD9BC2128F3A0F600538598 /* theApp */,
				2DD9BC2028F3A0F600538598 /* Products */,
			);
			sourceTree = "<group>";
		};
		2DD9BC2028F3A0F600538598 /* Products */ = {
			isa = PBXGroup;
			children = (
				2DD9BC1F28F3A0F600538598 /* theApp.app */,
			);
			name = Products;
			sourceTree = "<group>";
		};
		2DD9BC2128F3A0F600538598 /* theApp */ = {
			isa = PBXGroup;
			children = (
				2DD9BC2228F3A0F600538598 /* AppDelegate.swift */,
				2DD9BC2428F3A0F600538598 /* SceneDelegate.swift */,
				2DD9BC2628F3A0F600538598 /* ViewController.swift */,
				2DD9BC2828F3A0F600538598 /* Main.storyboard */,
				CF8438232912F695004926C2 /* ViewControllerPausa.swift */,
				2D64A8A628FB5F260092063E /* TableroViewController.swift */,
				2DD9BC2B28F3A0F700538598 /* Assets.xcassets */,
				2DD9BC2D28F3A0F700538598 /* LaunchScreen.storyboard */,
				2DD9BC3028F3A0F700538598 /* Info.plist */,
				2D64A8A428FB5ED50092063E /* HomeViewController.swift */,
				2DB3B417292612470058D155 /* ScoresViewController.swift */,
				2DB3B418292612470058D155 /* Player.swift */,
			);
			path = theApp;
			sourceTree = "<group>";
		};
/* End PBXGroup section */

/* Begin PBXNativeTarget section */
		2DD9BC1E28F3A0F600538598 /* theApp */ = {
			isa = PBXNativeTarget;
			buildConfigurationList = 2DD9BC3328F3A0F700538598 /* Build configuration list for PBXNativeTarget "theApp" */;
			buildPhases = (
				2DD9BC1B28F3A0F600538598 /* Sources */,
				2DD9BC1C28F3A0F600538598 /* Frameworks */,
				2DD9BC1D28F3A0F600538598 /* Resources */,
			);
			buildRules = (
			);
			dependencies = (
			);
			name = theApp;
			productName = theApp;
			productReference = 2DD9BC1F28F3A0F600538598 /* theApp.app */;
			productType = "com.apple.product-type.application";
		};
/* End PBXNativeTarget section */

/* Begin PBXProject section */
		2DD9BC1728F3A0F600538598 /* Project object */ = {
			isa = PBXProject;
			attributes = {
				BuildIndependentTargetsInParallel = 1;
				LastSwiftUpdateCheck = 1400;
				LastUpgradeCheck = 1400;
				TargetAttributes = {
					2DD9BC1E28F3A0F600538598 = {
						CreatedOnToolsVersion = 14.0.1;
					};
				};
			};
			buildConfigurationList = 2DD9BC1A28F3A0F600538598 /* Build configuration list for PBXProject "theApp" */;
			compatibilityVersion = "Xcode 14.0";
			developmentRegion = en;
			hasScannedForEncodings = 0;
			knownRegions = (
				en,
				Base,
			);
			mainGroup = 2DD9BC1628F3A0F600538598;
			productRefGroup = 2DD9BC2028F3A0F600538598 /* Products */;
			projectDirPath = "";
			projectRoot = "";
			targets = (
				2DD9BC1E28F3A0F600538598 /* theApp */,
			);
		};
/* End PBXProject section */

/* Begin PBXResourcesBuildPhase section */
		2DD9BC1D28F3A0F600538598 /* Resources */ = {
			isa = PBXResourcesBuildPhase;
			buildActionMask = 2147483647;
			files = (
				2DD9BC2F28F3A0F700538598 /* LaunchScreen.storyboard in Resources */,
				2DD9BC2C28F3A0F700538598 /* Assets.xcassets in Resources */,
				2DD9BC2A28F3A0F600538598 /* Main.storyboard in Resources */,
			);
			runOnlyForDeploymentPostprocessing = 0;
		};
/* End PBXResourcesBuildPhase section */

/* Begin PBXSourcesBuildPhase section */
		2DD9BC1B28F3A0F600538598 /* Sources */ = {
			isa = PBXSourcesBuildPhase;
			buildActionMask = 2147483647;
			files = (
				2DD9BC2728F3A0F600538598 /* ViewController.swift in Sources */,
				2D64A8A728FB5F270092063E /* TableroViewController.swift in Sources */,
				2DB3B419292612470058D155 /* ScoresViewController.swift in Sources */,
				2DD9BC2328F3A0F600538598 /* AppDelegate.swift in Sources */,
				2DB3B41A292612470058D155 /* Player.swift in Sources */,
				CF8438242912F695004926C2 /* ViewControllerPausa.swift in Sources */,
				2DD9BC2528F3A0F600538598 /* SceneDelegate.swift in Sources */,
				2D64A8A528FB5ED50092063E /* HomeViewController.swift in Sources */,
			);
			runOnlyForDeploymentPostprocessing = 0;
		};
/* End PBXSourcesBuildPhase section */

/* Begin PBXVariantGroup section */
		2DD9BC2828F3A0F600538598 /* Main.storyboard */ = {
			isa = PBXVariantGroup;
			children = (
				2DD9BC2928F3A0F600538598 /* Base */,
			);
			name = Main.storyboard;
			sourceTree = "<group>";
		};
		2DD9BC2D28F3A0F700538598 /* LaunchScreen.storyboard */ = {
			isa = PBXVariantGroup;
			children = (
				2DD9BC2E28F3A0F700538598 /* Base */,
			);
			name = LaunchScreen.storyboard;
			sourceTree = "<group>";
		};
/* End PBXVariantGroup section */

/* Begin XCBuildConfiguration section */
		2DD9BC3128F3A0F700538598 /* Debug */ = {
			isa = XCBuildConfiguration;
			buildSettings = {
				ALWAYS_SEARCH_USER_PATHS = NO;
				CLANG_ANALYZER_NONNULL = YES;
				CLANG_ANALYZER_NUMBER_OBJECT_CONVERSION = YES_AGGRESSIVE;
				CLANG_CXX_LANGUAGE_STANDARD = "gnu++20";
				CLANG_ENABLE_MODULES = YES;
				CLANG_ENABLE_OBJC_ARC = YES;
				CLANG_ENABLE_OBJC_WEAK = YES;
				CLANG_WARN_BLOCK_CAPTURE_AUTORELEASING = YES;
				CLANG_WARN_BOOL_CONVERSION = YES;
				CLANG_WARN_COMMA = YES;
				CLANG_WARN_CONSTANT_CONVERSION = YES;
				CLANG_WARN_DEPRECATED_OBJC_IMPLEMENTATIONS = YES;
				CLANG_WARN_DIRECT_OBJC_ISA_USAGE = YES_ERROR;
				CLANG_WARN_DOCUMENTATION_COMMENTS = YES;
				CLANG_WARN_EMPTY_BODY = YES;
				CLANG_WARN_ENUM_CONVERSION = YES;
				CLANG_WARN_INFINITE_RECURSION = YES;
				CLANG_WARN_INT_CONVERSION = YES;
				CLANG_WARN_NON_LITERAL_NULL_CONVERSION = YES;
				CLANG_WARN_OBJC_IMPLICIT_RETAIN_SELF = YES;
				CLANG_WARN_OBJC_LITERAL_CONVERSION = YES;
				CLANG_WARN_OBJC_ROOT_CLASS = YES_ERROR;
				CLANG_WARN_QUOTED_INCLUDE_IN_FRAMEWORK_HEADER = YES;
				CLANG_WARN_RANGE_LOOP_ANALYSIS = YES;
				CLANG_WARN_STRICT_PROTOTYPES = YES;
				CLANG_WARN_SUSPICIOUS_MOVE = YES;
				CLANG_WARN_UNGUARDED_AVAILABILITY = YES_AGGRESSIVE;
				CLANG_WARN_UNREACHABLE_CODE = YES;
				CLANG_WARN__DUPLICATE_METHOD_MATCH = YES;
				COPY_PHASE_STRIP = NO;
				DEBUG_INFORMATION_FORMAT = dwarf;
				ENABLE_STRICT_OBJC_MSGSEND = YES;
				ENABLE_TESTABILITY = YES;
				GCC_C_LANGUAGE_STANDARD = gnu11;
				GCC_DYNAMIC_NO_PIC = NO;
				GCC_NO_COMMON_BLOCKS = YES;
				GCC_OPTIMIZATION_LEVEL = 0;
				GCC_PREPROCESSOR_DEFINITIONS = (
					"DEBUG=1",
					"$(inherited)",
				);
				GCC_WARN_64_TO_32_BIT_CONVERSION = YES;
				GCC_WARN_ABOUT_RETURN_TYPE = YES_ERROR;
				GCC_WARN_UNDECLARED_SELECTOR = YES;
				GCC_WARN_UNINITIALIZED_AUTOS = YES_AGGRESSIVE;
				GCC_WARN_UNUSED_FUNCTION = YES;
				GCC_WARN_UNUSED_VARIABLE = YES;
				IPHONEOS_DEPLOYMENT_TARGET = 16.0;
				MTL_ENABLE_DEBUG_INFO = INCLUDE_SOURCE;
				MTL_FAST_MATH = YES;
				ONLY_ACTIVE_ARCH = YES;
				SDKROOT = iphoneos;
				SWIFT_ACTIVE_COMPILATION_CONDITIONS = DEBUG;
				SWIFT_OPTIMIZATION_LEVEL = "-Onone";
			};
			name = Debug;
		};
		2DD9BC3228F3A0F700538598 /* Release */ = {
			isa = XCBuildConfiguration;
			buildSettings = {
				ALWAYS_SEARCH_USER_PATHS = NO;
				CLANG_ANALYZER_NONNULL = YES;
				CLANG_ANALYZER_NUMBER_OBJECT_CONVERSION = YES_AGGRESSIVE;
				CLANG_CXX_LANGUAGE_STANDARD = "gnu++20";
				CLANG_ENABLE_MODULES = YES;
				CLANG_ENABLE_OBJC_ARC = YES;
				CLANG_ENABLE_OBJC_WEAK = YES;
				CLANG_WARN_BLOCK_CAPTURE_AUTORELEASING = YES;
				CLANG_WARN_BOOL_CONVERSION = YES;
				CLANG_WARN_COMMA = YES;
				CLANG_WARN_CONSTANT_CONVERSION = YES;
				CLANG_WARN_DEPRECATED_OBJC_IMPLEMENTATIONS = YES;
				CLANG_WARN_DIRECT_OBJC_ISA_USAGE = YES_ERROR;
				CLANG_WARN_DOCUMENTATION_COMMENTS = YES;
				CLANG_WARN_EMPTY_BODY = YES;
				CLANG_WARN_ENUM_CONVERSION = YES;
				CLANG_WARN_INFINITE_RECURSION = YES;
				CLANG_WARN_INT_CONVERSION = YES;
				CLANG_WARN_NON_LITERAL_NULL_CONVERSION = YES;
				CLANG_WARN_OBJC_IMPLICIT_RETAIN_SELF = YES;
				CLANG_WARN_OBJC_LITERAL_CONVERSION = YES;
				CLANG_WARN_OBJC_ROOT_CLASS = YES_ERROR;
				CLANG_WARN_QUOTED_INCLUDE_IN_FRAMEWORK_HEADER = YES;
				CLANG_WARN_RANGE_LOOP_ANALYSIS = YES;
				CLANG_WARN_STRICT_PROTOTYPES = YES;
				CLANG_WARN_SUSPICIOUS_MOVE = YES;
				CLANG_WARN_UNGUARDED_AVAILABILITY = YES_AGGRESSIVE;
				CLANG_WARN_UNREACHABLE_CODE = YES;
				CLANG_WARN__DUPLICATE_METHOD_MATCH = YES;
				COPY_PHASE_STRIP = NO;
				DEBUG_INFORMATION_FORMAT = "dwarf-with-dsym";
				ENABLE_NS_ASSERTIONS = NO;
				ENABLE_STRICT_OBJC_MSGSEND = YES;
				GCC_C_LANGUAGE_STANDARD = gnu11;
				GCC_NO_COMMON_BLOCKS = YES;
				GCC_WARN_64_TO_32_BIT_CONVERSION = YES;
				GCC_WARN_ABOUT_RETURN_TYPE = YES_ERROR;
				GCC_WARN_UNDECLARED_SELECTOR = YES;
				GCC_WARN_UNINITIALIZED_AUTOS = YES_AGGRESSIVE;
				GCC_WARN_UNUSED_FUNCTION = YES;
				GCC_WARN_UNUSED_VARIABLE = YES;
				IPHONEOS_DEPLOYMENT_TARGET = 16.0;
				MTL_ENABLE_DEBUG_INFO = NO;
				MTL_FAST_MATH = YES;
				SDKROOT = iphoneos;
				SWIFT_COMPILATION_MODE = wholemodule;
				SWIFT_OPTIMIZATION_LEVEL = "-O";
				VALIDATE_PRODUCT = YES;
			};
			name = Release;
		};
		2DD9BC3428F3A0F700538598 /* Debug */ = {
			isa = XCBuildConfiguration;
			buildSettings = {
				ASSETCATALOG_COMPILER_APPICON_NAME = AppIcon;
				ASSETCATALOG_COMPILER_GLOBAL_ACCENT_COLOR_NAME = AccentColor;
				CODE_SIGN_STYLE = Automatic;
				CURRENT_PROJECT_VERSION = 1;
				GENERATE_INFOPLIST_FILE = YES;
				INFOPLIST_FILE = theApp/Info.plist;
				INFOPLIST_KEY_UIApplicationSupportsIndirectInputEvents = YES;
				INFOPLIST_KEY_UILaunchStoryboardName = LaunchScreen;
				INFOPLIST_KEY_UIMainStoryboardFile = Main;
				INFOPLIST_KEY_UISupportedInterfaceOrientations = UIInterfaceOrientationPortrait;
				LD_RUNPATH_SEARCH_PATHS = (
					"$(inherited)",
					"@executable_path/Frameworks",
				);
				MARKETING_VERSION = 1.0;
				PRODUCT_BUNDLE_IDENTIFIER = mastermind.theApp;
				PRODUCT_NAME = "$(TARGET_NAME)";
				SWIFT_EMIT_LOC_STRINGS = YES;
				SWIFT_VERSION = 5.0;
				TARGETED_DEVICE_FAMILY = "1,2";
			};
			name = Debug;
		};
		2DD9BC3528F3A0F700538598 /* Release */ = {
			isa = XCBuildConfiguration;
			buildSettings = {
				ASSETCATALOG_COMPILER_APPICON_NAME = AppIcon;
				ASSETCATALOG_COMPILER_GLOBAL_ACCENT_COLOR_NAME = AccentColor;
				CODE_SIGN_STYLE = Automatic;
				CURRENT_PROJECT_VERSION = 1;
				GENERATE_INFOPLIST_FILE = YES;
				INFOPLIST_FILE = theApp/Info.plist;
				INFOPLIST_KEY_UIApplicationSupportsIndirectInputEvents = YES;
				INFOPLIST_KEY_UILaunchStoryboardName = LaunchScreen;
				INFOPLIST_KEY_UIMainStoryboardFile = Main;
				INFOPLIST_KEY_UISupportedInterfaceOrientations = UIInterfaceOrientationPortrait;
				LD_RUNPATH_SEARCH_PATHS = (
					"$(inherited)",
					"@executable_path/Frameworks",
				);
				MARKETING_VERSION = 1.0;
				PRODUCT_BUNDLE_IDENTIFIER = mastermind.theApp;
				PRODUCT_NAME = "$(TARGET_NAME)";
				SWIFT_EMIT_LOC_STRINGS = YES;
				SWIFT_VERSION = 5.0;
				TARGETED_DEVICE_FAMILY = "1,2";
			};
			name = Release;
		};
/* End XCBuildConfiguration section */

/* Begin XCConfigurationList section */
		2DD9BC1A28F3A0F600538598 /* Build configuration list for PBXProject "theApp" */ = {
			isa = XCConfigurationList;
			buildConfigurations = (
				2DD9BC3128F3A0F700538598 /* Debug */,
				2DD9BC3228F3A0F700538598 /* Release */,
			);
			defaultConfigurationIsVisible = 0;
			defaultConfigurationName = Release;
		};
		2DD9BC3328F3A0F700538598 /* Build configuration list for PBXNativeTarget "theApp" */ = {
			isa = XCConfigurationList;
			buildConfigurations = (
				2DD9BC3428F3A0F700538598 /* Debug */,
				2DD9BC3528F3A0F700538598 /* Release */,
			);
			defaultConfigurationIsVisible = 0;
			defaultConfigurationName = Release;
		};
/* End XCConfigurationList section */
	};
	rootObject = 2DD9BC1728F3A0F600538598 /* Project object */;
}
